
Microsoft Visual Studio Solution File, Format Version 12.00
# Visual Studio Version 16
VisualStudioVersion = 16.0.28917.181
MinimumVisualStudioVersion = 10.0.40219.1
Project("{FAE04EC0-301F-11D3-BF4B-00C04F79EFBC}") = "OdeToFood", "OdeToFood\OdeToFood.csproj", "{D7A960A2-89E9-49C6-A149-BE35E382EC42}"
EndProject
Global
	GlobalSection(SolutionConfigurationPlatforms) = preSolution
		Debug|Any CPU = Debug|Any CPU
		Release|Any CPU = Release|Any CPU
	EndGlobalSection
	GlobalSection(ProjectConfigurationPlatforms) = postSolution
		{D7A960A2-89E9-49C6-A149-BE35E382EC42}.Debug|Any CPU.ActiveCfg = Debug|Any CPU
		{D7A960A2-89E9-49C6-A149-BE35E382EC42}.Debug|Any CPU.Build.0 = Debug|Any CPU
		{D7A960A2-89E9-49C6-A149-BE35E382EC42}.Release|Any CPU.ActiveCfg = Release|Any CPU
		{D7A960A2-89E9-49C6-A149-BE35E382EC42}.Release|Any CPU.Build.0 = Release|Any CPU
	EndGlobalSection
	GlobalSection(SolutionProperties) = preSolution
		HideSolutionNode = FALSE
	EndGlobalSection
	GlobalSection(ExtensibilityGlobals) = postSolution
		SolutionGuid = {CCEB0FD3-F719-49FD-9814-D260662E1FF5}
	EndGlobalSection
EndGlobal
